
Microsoft Visual Studio Solution File, Format Version 12.00
# Visual Studio 15
VisualStudioVersion = 15.0.27703.2042
MinimumVisualStudioVersion = 10.0.40219.1
Project("{9A19103F-16F7-4668-BE54-9A1E7A4F7556}") = "Md5", "Md5\Md5.csproj", "{98D68D86-FFB8-4392-BA65-8B23C1131FBF}"
EndProject
Project("{FAE04EC0-301F-11D3-BF4B-00C04F79EFBC}") = "DES", "DES\DES.csproj", "{C7FD906E-C6B1-4B7F-B010-4FE7800D49FE}"
EndProject
Global
	GlobalSection(SolutionConfigurationPlatforms) = preSolution
		Debug|Any CPU = Debug|Any CPU
		Release|Any CPU = Release|Any CPU
	EndGlobalSection
	GlobalSection(ProjectConfigurationPlatforms) = postSolution
		{98D68D86-FFB8-4392-BA65-8B23C1131FBF}.Debug|Any CPU.ActiveCfg = Debug|Any CPU
		{98D68D86-FFB8-4392-BA65-8B23C1131FBF}.Debug|Any CPU.Build.0 = Debug|Any CPU
		{98D68D86-FFB8-4392-BA65-8B23C1131FBF}.Release|Any CPU.ActiveCfg = Release|Any CPU
		{98D68D86-FFB8-4392-BA65-8B23C1131FBF}.Release|Any CPU.Build.0 = Release|Any CPU
		{C7FD906E-C6B1-4B7F-B010-4FE7800D49FE}.Debug|Any CPU.ActiveCfg = Debug|Any CPU
		{C7FD906E-C6B1-4B7F-B010-4FE7800D49FE}.Debug|Any CPU.Build.0 = Debug|Any CPU
		{C7FD906E-C6B1-4B7F-B010-4FE7800D49FE}.Release|Any CPU.ActiveCfg = Release|Any CPU
		{C7FD906E-C6B1-4B7F-B010-4FE7800D49FE}.Release|Any CPU.Build.0 = Release|Any CPU
	EndGlobalSection
	GlobalSection(SolutionProperties) = preSolution
		HideSolutionNode = FALSE
	EndGlobalSection
	GlobalSection(ExtensibilityGlobals) = postSolution
		SolutionGuid = {B7076722-54B7-448C-BF1C-F793895DF171}
	EndGlobalSection
EndGlobal
